
Microsoft Visual Studio Solution File, Format Version 12.00
# Visual Studio Version 17
VisualStudioVersion = 17.1.32407.343
MinimumVisualStudioVersion = 10.0.40219.1
Project("{9A19103F-16F7-4668-BE54-9A1E7A4F7556}") = "BlazeDiscordRPC", "BlazeDiscordRPC.csproj", "{6B795D1A-A200-4B40-AFAA-59CFFD73E9EF}"
EndProject
Global
	GlobalSection(SolutionConfigurationPlatforms) = preSolution
		Debug|Any CPU = Debug|Any CPU
		Release|Any CPU = Release|Any CPU
	EndGlobalSection
	GlobalSection(ProjectConfigurationPlatforms) = postSolution
		{6B795D1A-A200-4B40-AFAA-59CFFD73E9EF}.Debug|Any CPU.ActiveCfg = Debug|Any CPU
		{6B795D1A-A200-4B40-AFAA-59CFFD73E9EF}.Debug|Any CPU.Build.0 = Debug|Any CPU
		{6B795D1A-A200-4B40-AFAA-59CFFD73E9EF}.Release|Any CPU.ActiveCfg = Release|Any CPU
		{6B795D1A-A200-4B40-AFAA-59CFFD73E9EF}.Release|Any CPU.Build.0 = Release|Any CPU
	EndGlobalSection
	GlobalSection(SolutionProperties) = preSolution
		HideSolutionNode = FALSE
	EndGlobalSection
	GlobalSection(ExtensibilityGlobals) = postSolution
		SolutionGuid = {CF64453B-F952-456E-AC66-35B82A82DA8A}
	EndGlobalSection
EndGlobal
